
Microsoft Visual Studio Solution File, Format Version 12.00
# Visual Studio Version 17
VisualStudioVersion = 17.8.34330.188
MinimumVisualStudioVersion = 10.0.40219.1
Project("{8BC9CEB8-8B4A-11D0-8D11-00A0C91BC942}") = "AudioSpectrum", "AudioSpectrum\AudioSpectrum.vcxproj", "{824B0688-9B3D-4D76-B9D1-57D4633B4008}"
EndProject
Global
	GlobalSection(SolutionConfigurationPlatforms) = preSolution
		Debug|x64 = Debug|x64
		Debug|x86 = Debug|x86
		Release|x64 = Release|x64
		Release|x86 = Release|x86
	EndGlobalSection
	GlobalSection(ProjectConfigurationPlatforms) = postSolution
		{824B0688-9B3D-4D76-B9D1-57D4633B4008}.Debug|x64.ActiveCfg = Debug|x64
		{824B0688-9B3D-4D76-B9D1-57D4633B4008}.Debug|x64.Build.0 = Debug|x64
		{824B0688-9B3D-4D76-B9D1-57D4633B4008}.Debug|x86.ActiveCfg = Debug|Win32
		{824B0688-9B3D-4D76-B9D1-57D4633B4008}.Debug|x86.Build.0 = Debug|Win32
		{824B0688-9B3D-4D76-B9D1-57D4633B4008}.Release|x64.ActiveCfg = Release|x64
		{824B0688-9B3D-4D76-B9D1-57D4633B4008}.Release|x64.Build.0 = Release|x64
		{824B0688-9B3D-4D76-B9D1-57D4633B4008}.Release|x86.ActiveCfg = Release|Win32
		{824B0688-9B3D-4D76-B9D1-57D4633B4008}.Release|x86.Build.0 = Release|Win32
	EndGlobalSection
	GlobalSection(SolutionProperties) = preSolution
		HideSolutionNode = FALSE
	EndGlobalSection
	GlobalSection(ExtensibilityGlobals) = postSolution
		SolutionGuid = {A5741CB9-7762-4968-99A3-634D52C7E573}
	EndGlobalSection
EndGlobal
